
Microsoft Visual Studio Solution File, Format Version 12.00
# Visual Studio 15
Project("{FAE04EC0-301F-11D3-BF4B-00C04F79EFBC}") = "UnityEngine.TestRunner", "UnityEngine.TestRunner.csproj", "{F6696F11-2BCD-C640-7539-A89B6126349B}"
EndProject
Project("{FAE04EC0-301F-11D3-BF4B-00C04F79EFBC}") = "Unity.2D.Animation.Triangle.Runtime", "Unity.2D.Animation.Triangle.Runtime.csproj", "{12502B4F-B9DA-E99E-018E-7D437CD7830B}"
EndProject
Project("{FAE04EC0-301F-11D3-BF4B-00C04F79EFBC}") = "UnityEngine.UI", "UnityEngine.UI.csproj", "{FFFE916E-CF19-3A91-A32F-843B43C3EEE2}"
EndProject
Project("{FAE04EC0-301F-11D3-BF4B-00C04F79EFBC}") = "Unity.TextMeshPro", "Unity.TextMeshPro.csproj", "{EC64C0A0-4CA3-0141-F464-3C988B4D11B6}"
EndProject
Project("{FAE04EC0-301F-11D3-BF4B-00C04F79EFBC}") = "Unity.2D.Animation.Runtime", "Unity.2D.Animation.Runtime.csproj", "{99A24B36-7191-B163-E506-D397BC53ED3B}"
EndProject
Project("{FAE04EC0-301F-11D3-BF4B-00C04F79EFBC}") = "Unity.Timeline", "Unity.Timeline.csproj", "{08499C59-BA76-76CA-9F30-466048C3A029}"
EndProject
Project("{FAE04EC0-301F-11D3-BF4B-00C04F79EFBC}") = "Unity.Mathematics", "Unity.Mathematics.csproj", "{76FB1363-2BA9-3C80-5F87-97D6930AE68C}"
EndProject
Project("{FAE04EC0-301F-11D3-BF4B-00C04F79EFBC}") = "Unity.2D.SpriteShape.Runtime", "Unity.2D.SpriteShape.Runtime.csproj", "{59ECAFCF-79F1-2129-F76A-114E5BAEFE35}"
EndProject
Project("{FAE04EC0-301F-11D3-BF4B-00C04F79EFBC}") = "Unity.2D.PixelPerfect", "Unity.2D.PixelPerfect.csproj", "{B64C0715-69ED-DA52-3670-050ECA67A295}"
EndProject
Project("{FAE04EC0-301F-11D3-BF4B-00C04F79EFBC}") = "Unity.InternalAPIEngineBridge.001", "Unity.InternalAPIEngineBridge.001.csproj", "{E325B568-D969-6526-6415-F70BA18C2D36}"
EndProject
Project("{FAE04EC0-301F-11D3-BF4B-00C04F79EFBC}") = "Unity.2D.Common.Runtime", "Unity.2D.Common.Runtime.csproj", "{ECE0F1FC-4168-6CD5-45B7-2FD998420BA3}"
EndProject
Project("{FAE04EC0-301F-11D3-BF4B-00C04F79EFBC}") = "Assembly-CSharp", "Assembly-CSharp.csproj", "{38C603DB-EB68-084F-4B05-6F7D8F0C49B7}"
EndProject
Project("{FAE04EC0-301F-11D3-BF4B-00C04F79EFBC}") = "Unity.TextMeshPro.Editor", "Unity.TextMeshPro.Editor.csproj", "{E15CAAC6-1E7B-C086-4564-06ED72CAF4B1}"
EndProject
Project("{FAE04EC0-301F-11D3-BF4B-00C04F79EFBC}") = "Unity.Timeline.Editor", "Unity.Timeline.Editor.csproj", "{50306BE0-7BA0-7F79-5192-3FC1DB2FE116}"
EndProject
Project("{FAE04EC0-301F-11D3-BF4B-00C04F79EFBC}") = "UnityEditor.TestRunner", "UnityEditor.TestRunner.csproj", "{B885832A-7A99-E977-4590-1157FAE58D0F}"
EndProject
Project("{FAE04EC0-301F-11D3-BF4B-00C04F79EFBC}") = "Unity.2D.Animation.Editor", "Unity.2D.Animation.Editor.csproj", "{902AE5D0-BADC-E17C-E55E-D20C9C705140}"
EndProject
Project("{FAE04EC0-301F-11D3-BF4B-00C04F79EFBC}") = "Unity.2D.Path.Editor", "Unity.2D.Path.Editor.csproj", "{746915ED-EB36-2DBE-9FB5-AF053FF65F09}"
EndProject
Project("{FAE04EC0-301F-11D3-BF4B-00C04F79EFBC}") = "Unity.2D.Sprite.Editor", "Unity.2D.Sprite.Editor.csproj", "{26EB8F30-1C31-0C13-D57D-8E2AF2871A4E}"
EndProject
Project("{FAE04EC0-301F-11D3-BF4B-00C04F79EFBC}") = "UnityEditor.UI", "UnityEditor.UI.csproj", "{507135CA-571C-4B33-8FB7-416F95F5CA08}"
EndProject
Project("{FAE04EC0-301F-11D3-BF4B-00C04F79EFBC}") = "Unity.Rider.Editor", "Unity.Rider.Editor.csproj", "{59B96B86-CC40-E31B-CD00-B324D7ADC1A0}"
EndProject
Project("{FAE04EC0-301F-11D3-BF4B-00C04F79EFBC}") = "Unity.2D.Tilemap.Editor", "Unity.2D.Tilemap.Editor.csproj", "{25CD0165-94C9-E649-3F68-830C02D0DC76}"
EndProject
Project("{FAE04EC0-301F-11D3-BF4B-00C04F79EFBC}") = "Unity.2D.SpriteShape.Editor", "Unity.2D.SpriteShape.Editor.csproj", "{95EB020B-8A2C-1714-84B3-DD7BC5FCDE03}"
EndProject
Project("{FAE04EC0-301F-11D3-BF4B-00C04F79EFBC}") = "PsdPlugin", "PsdPlugin.csproj", "{D5D5D00E-2791-D0B7-2968-D71C2CECA643}"
EndProject
Project("{FAE04EC0-301F-11D3-BF4B-00C04F79EFBC}") = "Unity.CollabProxy.Editor", "Unity.CollabProxy.Editor.csproj", "{220525EA-7227-FE55-AC5E-DA770DBB0E18}"
EndProject
Project("{FAE04EC0-301F-11D3-BF4B-00C04F79EFBC}") = "Unity.2D.Common.Editor", "Unity.2D.Common.Editor.csproj", "{84CFA1FA-1E0F-AB7F-5237-7AB1133680B8}"
EndProject
Project("{FAE04EC0-301F-11D3-BF4B-00C04F79EFBC}") = "Unity.VSCode.Editor", "Unity.VSCode.Editor.csproj", "{E72B6533-20AA-934F-3E24-93642C397BB5}"
EndProject
Project("{FAE04EC0-301F-11D3-BF4B-00C04F79EFBC}") = "Unity.2D.Psdimporter.Editor", "Unity.2D.Psdimporter.Editor.csproj", "{2CEA727F-ADC5-231B-07D6-AE675F0B6033}"
EndProject
Project("{FAE04EC0-301F-11D3-BF4B-00C04F79EFBC}") = "Unity.2D.PixelPerfect.Editor", "Unity.2D.PixelPerfect.Editor.csproj", "{6390DB19-FA54-265E-3BC0-4B92EF1607EE}"
EndProject
Project("{FAE04EC0-301F-11D3-BF4B-00C04F79EFBC}") = "Unity.Mathematics.Editor", "Unity.Mathematics.Editor.csproj", "{2DFB0415-0EBC-1F99-6D0A-6D6563E00CA5}"
EndProject
Project("{FAE04EC0-301F-11D3-BF4B-00C04F79EFBC}") = "Unity.InternalAPIEditorBridge.001", "Unity.InternalAPIEditorBridge.001.csproj", "{43DA4878-1E0F-5F55-C55B-67AAABC19EDD}"
EndProject
Global
	GlobalSection(SolutionConfigurationPlatforms) = preSolution
		Debug|Any CPU = Debug|Any CPU
		Release|Any CPU = Release|Any CPU
	EndGlobalSection
	GlobalSection(ProjectConfigurationPlatforms) = postSolution
		{F6696F11-2BCD-C640-7539-A89B6126349B}.Debug|Any CPU.ActiveCfg = Debug|Any CPU
		{F6696F11-2BCD-C640-7539-A89B6126349B}.Debug|Any CPU.Build.0 = Debug|Any CPU
		{F6696F11-2BCD-C640-7539-A89B6126349B}.Release|Any CPU.ActiveCfg = Release|Any CPU
		{F6696F11-2BCD-C640-7539-A89B6126349B}.Release|Any CPU.Build.0 = Release|Any CPU
		{12502B4F-B9DA-E99E-018E-7D437CD7830B}.Debug|Any CPU.ActiveCfg = Debug|Any CPU
		{12502B4F-B9DA-E99E-018E-7D437CD7830B}.Debug|Any CPU.Build.0 = Debug|Any CPU
		{12502B4F-B9DA-E99E-018E-7D437CD7830B}.Release|Any CPU.ActiveCfg = Release|Any CPU
		{12502B4F-B9DA-E99E-018E-7D437CD7830B}.Release|Any CPU.Build.0 = Release|Any CPU
		{FFFE916E-CF19-3A91-A32F-843B43C3EEE2}.Debug|Any CPU.ActiveCfg = Debug|Any CPU
		{FFFE916E-CF19-3A91-A32F-843B43C3EEE2}.Debug|Any CPU.Build.0 = Debug|Any CPU
		{FFFE916E-CF19-3A91-A32F-843B43C3EEE2}.Release|Any CPU.ActiveCfg = Release|Any CPU
		{FFFE916E-CF19-3A91-A32F-843B43C3EEE2}.Release|Any CPU.Build.0 = Release|Any CPU
		{EC64C0A0-4CA3-0141-F464-3C988B4D11B6}.Debug|Any CPU.ActiveCfg = Debug|Any CPU
		{EC64C0A0-4CA3-0141-F464-3C988B4D11B6}.Debug|Any CPU.Build.0 = Debug|Any CPU
		{EC64C0A0-4CA3-0141-F464-3C988B4D11B6}.Release|Any CPU.ActiveCfg = Release|Any CPU
		{EC64C0A0-4CA3-0141-F464-3C988B4D11B6}.Release|Any CPU.Build.0 = Release|Any CPU
		{99A24B36-7191-B163-E506-D397BC53ED3B}.Debug|Any CPU.ActiveCfg = Debug|Any CPU
		{99A24B36-7191-B163-E506-D397BC53ED3B}.Debug|Any CPU.Build.0 = Debug|Any CPU
		{99A24B36-7191-B163-E506-D397BC53ED3B}.Release|Any CPU.ActiveCfg = Release|Any CPU
		{99A24B36-7191-B163-E506-D397BC53ED3B}.Release|Any CPU.Build.0 = Release|Any CPU
		{08499C59-BA76-76CA-9F30-466048C3A029}.Debug|Any CPU.ActiveCfg = Debug|Any CPU
		{08499C59-BA76-76CA-9F30-466048C3A029}.Debug|Any CPU.Build.0 = Debug|Any CPU
		{08499C59-BA76-76CA-9F30-466048C3A029}.Release|Any CPU.ActiveCfg = Release|Any CPU
		{08499C59-BA76-76CA-9F30-466048C3A029}.Release|Any CPU.Build.0 = Release|Any CPU
		{76FB1363-2BA9-3C80-5F87-97D6930AE68C}.Debug|Any CPU.ActiveCfg = Debug|Any CPU
		{76FB1363-2BA9-3C80-5F87-97D6930AE68C}.Debug|Any CPU.Build.0 = Debug|Any CPU
		{76FB1363-2BA9-3C80-5F87-97D6930AE68C}.Release|Any CPU.ActiveCfg = Release|Any CPU
		{76FB1363-2BA9-3C80-5F87-97D6930AE68C}.Release|Any CPU.Build.0 = Release|Any CPU
		{59ECAFCF-79F1-2129-F76A-114E5BAEFE35}.Debug|Any CPU.ActiveCfg = Debug|Any CPU
		{59ECAFCF-79F1-2129-F76A-114E5BAEFE35}.Debug|Any CPU.Build.0 = Debug|Any CPU
		{59ECAFCF-79F1-2129-F76A-114E5BAEFE35}.Release|Any CPU.ActiveCfg = Release|Any CPU
		{59ECAFCF-79F1-2129-F76A-114E5BAEFE35}.Release|Any CPU.Build.0 = Release|Any CPU
		{B64C0715-69ED-DA52-3670-050ECA67A295}.Debug|Any CPU.ActiveCfg = Debug|Any CPU
		{B64C0715-69ED-DA52-3670-050ECA67A295}.Debug|Any CPU.Build.0 = Debug|Any CPU
		{B64C0715-69ED-DA52-3670-050ECA67A295}.Release|Any CPU.ActiveCfg = Release|Any CPU
		{B64C0715-69ED-DA52-3670-050ECA67A295}.Release|Any CPU.Build.0 = Release|Any CPU
		{E325B568-D969-6526-6415-F70BA18C2D36}.Debug|Any CPU.ActiveCfg = Debug|Any CPU
		{E325B568-D969-6526-6415-F70BA18C2D36}.Debug|Any CPU.Build.0 = Debug|Any CPU
		{E325B568-D969-6526-6415-F70BA18C2D36}.Release|Any CPU.ActiveCfg = Release|Any CPU
		{E325B568-D969-6526-6415-F70BA18C2D36}.Release|Any CPU.Build.0 = Release|Any CPU
		{ECE0F1FC-4168-6CD5-45B7-2FD998420BA3}.Debug|Any CPU.ActiveCfg = Debug|Any CPU
		{ECE0F1FC-4168-6CD5-45B7-2FD998420BA3}.Debug|Any CPU.Build.0 = Debug|Any CPU
		{ECE0F1FC-4168-6CD5-45B7-2FD998420BA3}.Release|Any CPU.ActiveCfg = Release|Any CPU
		{ECE0F1FC-4168-6CD5-45B7-2FD998420BA3}.Release|Any CPU.Build.0 = Release|Any CPU
		{38C603DB-EB68-084F-4B05-6F7D8F0C49B7}.Debug|Any CPU.ActiveCfg = Debug|Any CPU
		{38C603DB-EB68-084F-4B05-6F7D8F0C49B7}.Debug|Any CPU.Build.0 = Debug|Any CPU
		{38C603DB-EB68-084F-4B05-6F7D8F0C49B7}.Release|Any CPU.ActiveCfg = Release|Any CPU
		{38C603DB-EB68-084F-4B05-6F7D8F0C49B7}.Release|Any CPU.Build.0 = Release|Any CPU
		{E15CAAC6-1E7B-C086-4564-06ED72CAF4B1}.Debug|Any CPU.ActiveCfg = Debug|Any CPU
		{E15CAAC6-1E7B-C086-4564-06ED72CAF4B1}.Debug|Any CPU.Build.0 = Debug|Any CPU
		{E15CAAC6-1E7B-C086-4564-06ED72CAF4B1}.Release|Any CPU.ActiveCfg = Release|Any CPU
		{E15CAAC6-1E7B-C086-4564-06ED72CAF4B1}.Release|Any CPU.Build.0 = Release|Any CPU
		{50306BE0-7BA0-7F79-5192-3FC1DB2FE116}.Debug|Any CPU.ActiveCfg = Debug|Any CPU
		{50306BE0-7BA0-7F79-5192-3FC1DB2FE116}.Debug|Any CPU.Build.0 = Debug|Any CPU
		{50306BE0-7BA0-7F79-5192-3FC1DB2FE116}.Release|Any CPU.ActiveCfg = Release|Any CPU
		{50306BE0-7BA0-7F79-5192-3FC1DB2FE116}.Release|Any CPU.Build.0 = Release|Any CPU
		{B885832A-7A99-E977-4590-1157FAE58D0F}.Debug|Any CPU.ActiveCfg = Debug|Any CPU
		{B885832A-7A99-E977-4590-1157FAE58D0F}.Debug|Any CPU.Build.0 = Debug|Any CPU
		{B885832A-7A99-E977-4590-1157FAE58D0F}.Release|Any CPU.ActiveCfg = Release|Any CPU
		{B885832A-7A99-E977-4590-1157FAE58D0F}.Release|Any CPU.Build.0 = Release|Any CPU
		{902AE5D0-BADC-E17C-E55E-D20C9C705140}.Debug|Any CPU.ActiveCfg = Debug|Any CPU
		{902AE5D0-BADC-E17C-E55E-D20C9C705140}.Debug|Any CPU.Build.0 = Debug|Any CPU
		{902AE5D0-BADC-E17C-E55E-D20C9C705140}.Release|Any CPU.ActiveCfg = Release|Any CPU
		{902AE5D0-BADC-E17C-E55E-D20C9C705140}.Release|Any CPU.Build.0 = Release|Any CPU
		{746915ED-EB36-2DBE-9FB5-AF053FF65F09}.Debug|Any CPU.ActiveCfg = Debug|Any CPU
		{746915ED-EB36-2DBE-9FB5-AF053FF65F09}.Debug|Any CPU.Build.0 = Debug|Any CPU
		{746915ED-EB36-2DBE-9FB5-AF053FF65F09}.Release|Any CPU.ActiveCfg = Release|Any CPU
		{746915ED-EB36-2DBE-9FB5-AF053FF65F09}.Release|Any CPU.Build.0 = Release|Any CPU
		{26EB8F30-1C31-0C13-D57D-8E2AF2871A4E}.Debug|Any CPU.ActiveCfg = Debug|Any CPU
		{26EB8F30-1C31-0C13-D57D-8E2AF2871A4E}.Debug|Any CPU.Build.0 = Debug|Any CPU
		{26EB8F30-1C31-0C13-D57D-8E2AF2871A4E}.Release|Any CPU.ActiveCfg = Release|Any CPU
		{26EB8F30-1C31-0C13-D57D-8E2AF2871A4E}.Release|Any CPU.Build.0 = Release|Any CPU
		{507135CA-571C-4B33-8FB7-416F95F5CA08}.Debug|Any CPU.ActiveCfg = Debug|Any CPU
		{507135CA-571C-4B33-8FB7-416F95F5CA08}.Debug|Any CPU.Build.0 = Debug|Any CPU
		{507135CA-571C-4B33-8FB7-416F95F5CA08}.Release|Any CPU.ActiveCfg = Release|Any CPU
		{507135CA-571C-4B33-8FB7-416F95F5CA08}.Release|Any CPU.Build.0 = Release|Any CPU
		{59B96B86-CC40-E31B-CD00-B324D7ADC1A0}.Debug|Any CPU.ActiveCfg = Debug|Any CPU
		{59B96B86-CC40-E31B-CD00-B324D7ADC1A0}.Debug|Any CPU.Build.0 = Debug|Any CPU
		{59B96B86-CC40-E31B-CD00-B324D7ADC1A0}.Release|Any CPU.ActiveCfg = Release|Any CPU
		{59B96B86-CC40-E31B-CD00-B324D7ADC1A0}.Release|Any CPU.Build.0 = Release|Any CPU
		{25CD0165-94C9-E649-3F68-830C02D0DC76}.Debug|Any CPU.ActiveCfg = Debug|Any CPU
		{25CD0165-94C9-E649-3F68-830C02D0DC76}.Debug|Any CPU.Build.0 = Debug|Any CPU
		{25CD0165-94C9-E649-3F68-830C02D0DC76}.Release|Any CPU.ActiveCfg = Release|Any CPU
		{25CD0165-94C9-E649-3F68-830C02D0DC76}.Release|Any CPU.Build.0 = Release|Any CPU
		{95EB020B-8A2C-1714-84B3-DD7BC5FCDE03}.Debug|Any CPU.ActiveCfg = Debug|Any CPU
		{95EB020B-8A2C-1714-84B3-DD7BC5FCDE03}.Debug|Any CPU.Build.0 = Debug|Any CPU
		{95EB020B-8A2C-1714-84B3-DD7BC5FCDE03}.Release|Any CPU.ActiveCfg = Release|Any CPU
		{95EB020B-8A2C-1714-84B3-DD7BC5FCDE03}.Release|Any CPU.Build.0 = Release|Any CPU
		{D5D5D00E-2791-D0B7-2968-D71C2CECA643}.Debug|Any CPU.ActiveCfg = Debug|Any CPU
		{D5D5D00E-2791-D0B7-2968-D71C2CECA643}.Debug|Any CPU.Build.0 = Debug|Any CPU
		{D5D5D00E-2791-D0B7-2968-D71C2CECA643}.Release|Any CPU.ActiveCfg = Release|Any CPU
		{D5D5D00E-2791-D0B7-2968-D71C2CECA643}.Release|Any CPU.Build.0 = Release|Any CPU
		{220525EA-7227-FE55-AC5E-DA770DBB0E18}.Debug|Any CPU.ActiveCfg = Debug|Any CPU
		{220525EA-7227-FE55-AC5E-DA770DBB0E18}.Debug|Any CPU.Build.0 = Debug|Any CPU
		{220525EA-7227-FE55-AC5E-DA770DBB0E18}.Release|Any CPU.ActiveCfg = Release|Any CPU
		{220525EA-7227-FE55-AC5E-DA770DBB0E18}.Release|Any CPU.Build.0 = Release|Any CPU
		{84CFA1FA-1E0F-AB7F-5237-7AB1133680B8}.Debug|Any CPU.ActiveCfg = Debug|Any CPU
		{84CFA1FA-1E0F-AB7F-5237-7AB1133680B8}.Debug|Any CPU.Build.0 = Debug|Any CPU
		{84CFA1FA-1E0F-AB7F-5237-7AB1133680B8}.Release|Any CPU.ActiveCfg = Release|Any CPU
		{84CFA1FA-1E0F-AB7F-5237-7AB1133680B8}.Release|Any CPU.Build.0 = Release|Any CPU
		{E72B6533-20AA-934F-3E24-93642C397BB5}.Debug|Any CPU.ActiveCfg = Debug|Any CPU
		{E72B6533-20AA-934F-3E24-93642C397BB5}.Debug|Any CPU.Build.0 = Debug|Any CPU
		{E72B6533-20AA-934F-3E24-93642C397BB5}.Release|Any CPU.ActiveCfg = Release|Any CPU
		{E72B6533-20AA-934F-3E24-93642C397BB5}.Release|Any CPU.Build.0 = Release|Any CPU
		{2CEA727F-ADC5-231B-07D6-AE675F0B6033}.Debug|Any CPU.ActiveCfg = Debug|Any CPU
		{2CEA727F-ADC5-231B-07D6-AE675F0B6033}.Debug|Any CPU.Build.0 = Debug|Any CPU
		{2CEA727F-ADC5-231B-07D6-AE675F0B6033}.Release|Any CPU.ActiveCfg = Release|Any CPU
		{2CEA727F-ADC5-231B-07D6-AE675F0B6033}.Release|Any CPU.Build.0 = Release|Any CPU
		{6390DB19-FA54-265E-3BC0-4B92EF1607EE}.Debug|Any CPU.ActiveCfg = Debug|Any CPU
		{6390DB19-FA54-265E-3BC0-4B92EF1607EE}.Debug|Any CPU.Build.0 = Debug|Any CPU
		{6390DB19-FA54-265E-3BC0-4B92EF1607EE}.Release|Any CPU.ActiveCfg = Release|Any CPU
		{6390DB19-FA54-265E-3BC0-4B92EF1607EE}.Release|Any CPU.Build.0 = Release|Any CPU
		{2DFB0415-0EBC-1F99-6D0A-6D6563E00CA5}.Debug|Any CPU.ActiveCfg = Debug|Any CPU
		{2DFB0415-0EBC-1F99-6D0A-6D6563E00CA5}.Debug|Any CPU.Build.0 = Debug|Any CPU
		{2DFB0415-0EBC-1F99-6D0A-6D6563E00CA5}.Release|Any CPU.ActiveCfg = Release|Any CPU
		{2DFB0415-0EBC-1F99-6D0A-6D6563E00CA5}.Release|Any CPU.Build.0 = Release|Any CPU
		{43DA4878-1E0F-5F55-C55B-67AAABC19EDD}.Debug|Any CPU.ActiveCfg = Debug|Any CPU
		{43DA4878-1E0F-5F55-C55B-67AAABC19EDD}.Debug|Any CPU.Build.0 = Debug|Any CPU
		{43DA4878-1E0F-5F55-C55B-67AAABC19EDD}.Release|Any CPU.ActiveCfg = Release|Any CPU
		{43DA4878-1E0F-5F55-C55B-67AAABC19EDD}.Release|Any CPU.Build.0 = Release|Any CPU
	EndGlobalSection
	GlobalSection(SolutionProperties) = preSolution
		HideSolutionNode = FALSE
	EndGlobalSection
EndGlobal
